{
  "name": "fortepiano",
  "version": "0.1.0",
  "lockfileVersion": 1,
  "requires": true,
  "dependencies": {
    "fp-ts": {
      "version": "2.10.5",
      "resolved": "https://registry.npmjs.org/fp-ts/-/fp-ts-2.10.5.tgz",
      "integrity": "sha512-X2KfTIV0cxIk3d7/2Pvp/pxL/xr2MV1WooyEzKtTWYSc1+52VF4YzjBTXqeOlSiZsPCxIBpDGfT9Dyo7WEY0DQ=="
    },
    "typescript": {
      "version": "4.2.4",
      "resolved": "https://registry.npmjs.org/typescript/-/typescript-4.2.4.tgz",
      "integrity": "sha512-V+evlYHZnQkaz8TRBuxTA92yZBPotr5H+WhQ7bD3hZUndx5tGOa1fuCgeSjxAzM1RiN5IzvadIXTVefuuwZCRg==",
      "dev": true
    }
  }
}
